
Microsoft Visual Studio Solution File, Format Version 12.00
# Visual Studio Version 16
VisualStudioVersion = 16.0.30011.22
MinimumVisualStudioVersion = 10.0.40219.1
Project("{FAE04EC0-301F-11D3-BF4B-00C04F79EFBC}") = "Solektro", "Solektro\Solektro.csproj", "{23F54558-B0F5-4EC9-B4BF-42C7087D9B63}"
EndProject
Project("{FAE04EC0-301F-11D3-BF4B-00C04F79EFBC}") = "Solektro.Core", "Solektro.Core\Solektro.Core.csproj", "{273E2C82-5AB2-4891-B6B5-A324E57B5DCB}"
EndProject
Project("{FAE04EC0-301F-11D3-BF4B-00C04F79EFBC}") = "Solektro.API", "Solektro.API\Solektro.API.csproj", "{F9D334C8-2D67-4281-B3D9-E45EFF851DBF}"
EndProject
Global
	GlobalSection(SolutionConfigurationPlatforms) = preSolution
		Debug|Any CPU = Debug|Any CPU
		Release|Any CPU = Release|Any CPU
	EndGlobalSection
	GlobalSection(ProjectConfigurationPlatforms) = postSolution
		{23F54558-B0F5-4EC9-B4BF-42C7087D9B63}.Debug|Any CPU.ActiveCfg = Debug|Any CPU
		{23F54558-B0F5-4EC9-B4BF-42C7087D9B63}.Debug|Any CPU.Build.0 = Debug|Any CPU
		{23F54558-B0F5-4EC9-B4BF-42C7087D9B63}.Release|Any CPU.ActiveCfg = Release|Any CPU
		{23F54558-B0F5-4EC9-B4BF-42C7087D9B63}.Release|Any CPU.Build.0 = Release|Any CPU
		{273E2C82-5AB2-4891-B6B5-A324E57B5DCB}.Debug|Any CPU.ActiveCfg = Debug|Any CPU
		{273E2C82-5AB2-4891-B6B5-A324E57B5DCB}.Debug|Any CPU.Build.0 = Debug|Any CPU
		{273E2C82-5AB2-4891-B6B5-A324E57B5DCB}.Release|Any CPU.ActiveCfg = Release|Any CPU
		{273E2C82-5AB2-4891-B6B5-A324E57B5DCB}.Release|Any CPU.Build.0 = Release|Any CPU
		{F9D334C8-2D67-4281-B3D9-E45EFF851DBF}.Debug|Any CPU.ActiveCfg = Debug|Any CPU
		{F9D334C8-2D67-4281-B3D9-E45EFF851DBF}.Debug|Any CPU.Build.0 = Debug|Any CPU
		{F9D334C8-2D67-4281-B3D9-E45EFF851DBF}.Release|Any CPU.ActiveCfg = Release|Any CPU
		{F9D334C8-2D67-4281-B3D9-E45EFF851DBF}.Release|Any CPU.Build.0 = Release|Any CPU
	EndGlobalSection
	GlobalSection(SolutionProperties) = preSolution
		HideSolutionNode = FALSE
	EndGlobalSection
	GlobalSection(ExtensibilityGlobals) = postSolution
		SolutionGuid = {E4E4A26F-8998-4060-9A7B-00D6AEC06C68}
	EndGlobalSection
EndGlobal
